// !$*UTF8*$!
{
	archiveVersion = 1;
	classes = {
	};
	objectVersion = 46;
	objects = {

/* Begin PBXBuildFile section */
		7205311311C1ADB700435FA4 /* gandolfos.png in Resources */ = {isa = PBXBuildFile; fileRef = 7205310911C1ADB700435FA4 /* gandolfos.png */; };
		7205311411C1ADB700435FA4 /* gurus.png in Resources */ = {isa = PBXBuildFile; fileRef = 7205310A11C1ADB700435FA4 /* gurus.png */; };
		7205311511C1ADB700435FA4 /* reddeli.png in Resources */ = {isa = PBXBuildFile; fileRef = 7205310B11C1ADB700435FA4 /* reddeli.png */; };
		7205311611C1ADB700435FA4 /* thepitapit.png in Resources */ = {isa = PBXBuildFile; fileRef = 7205310C11C1ADB700435FA4 /* thepitapit.png */; };
		7205311711C1ADB700435FA4 /* gandolfos.pdf in Resources */ = {isa = PBXBuildFile; fileRef = 7205310E11C1ADB700435FA4 /* gandolfos.pdf */; };
		7205311811C1ADB700435FA4 /* gurus.pdf in Resources */ = {isa = PBXBuildFile; fileRef = 7205310F11C1ADB700435FA4 /* gurus.pdf */; };
		7205311911C1ADB700435FA4 /* reddeli.pdf in Resources */ = {isa = PBXBuildFile; fileRef = 7205311011C1ADB700435FA4 /* reddeli.pdf */; };
		7205311A11C1ADB700435FA4 /* thepitapit.pdf in Resources */ = {isa = PBXBuildFile; fileRef = 7205311111C1ADB700435FA4 /* thepitapit.pdf */; };
		7205311B11C1ADB700435FA4 /* restaurants.json in Resources */ = {isa = PBXBuildFile; fileRef = 7205311211C1ADB700435FA4 /* restaurants.json */; };
		7205314911C1B4BB00435FA4 /* DRRestaurantPickerViewController.xib in Resources */ = {isa = PBXBuildFile; fileRef = 7205314811C1B4BB00435FA4 /* DRRestaurantPickerViewController.xib */; };
		7205319411C1B81C00435FA4 /* DRRestaurantPickerViewController.m in Sources */ = {isa = PBXBuildFile; fileRef = 7205319311C1B81C00435FA4 /* DRRestaurantPickerViewController.m */; };
		78BDDB2711C1B48D00FF833E /* DRDataManager.m in Sources */ = {isa = PBXBuildFile; fileRef = 78BDDB2611C1B48D00FF833E /* DRDataManager.m */; };
		78BDDB3411C1B8DF00FF833E /* DRReceiptSummaryViewController.xib in Resources */ = {isa = PBXBuildFile; fileRef = 78BDDB3311C1B8DF00FF833E /* DRReceiptSummaryViewController.xib */; };
		9A4A57D011C2B04D00B0A26F /* DRReceiptSummaryViewController.m in Sources */ = {isa = PBXBuildFile; fileRef = 9A4A57CF11C2B04D00B0A26F /* DRReceiptSummaryViewController.m */; };
		9A4A57E911C2B11500B0A26F /* DRRootViewController.m in Sources */ = {isa = PBXBuildFile; fileRef = 9A4A57E811C2B11500B0A26F /* DRRootViewController.m */; };
		9A69D84311C1A7A1008F40FA /* DoughnutRun.xcdatamodel in Sources */ = {isa = PBXBuildFile; fileRef = 9A69D84211C1A7A1008F40FA /* DoughnutRun.xcdatamodel */; };
		9A69D86B11C1B14D008F40FA /* DRExtra.m in Sources */ = {isa = PBXBuildFile; fileRef = 9A69D86411C1B14D008F40FA /* DRExtra.m */; };
		9A69D86C11C1B14D008F40FA /* DRRestaurant.m in Sources */ = {isa = PBXBuildFile; fileRef = 9A69D86611C1B14D008F40FA /* DRRestaurant.m */; };
		9A69D86D11C1B14D008F40FA /* DRMenuItem.m in Sources */ = {isa = PBXBuildFile; fileRef = 9A69D86811C1B14D008F40FA /* DRMenuItem.m */; };
		9A69D86E11C1B14D008F40FA /* DRMenuSection.m in Sources */ = {isa = PBXBuildFile; fileRef = 9A69D86A11C1B14D008F40FA /* DRMenuSection.m */; };
		9A86481111C2F9C00057E4CF /* DarkBackground.png in Resources */ = {isa = PBXBuildFile; fileRef = 9A86480F11C2F9C00057E4CF /* DarkBackground.png */; };
		9A86481211C2F9C00057E4CF /* LightBackground.png in Resources */ = {isa = PBXBuildFile; fileRef = 9A86481011C2F9C00057E4CF /* LightBackground.png */; };
		9AAEDB7E11C1C5DA0033488A /* plus.png in Resources */ = {isa = PBXBuildFile; fileRef = 9AAEDB7C11C1C5DA0033488A /* plus.png */; };
		9AAEDB7F11C1C5DA0033488A /* trash.png in Resources */ = {isa = PBXBuildFile; fileRef = 9AAEDB7D11C1C5DA0033488A /* trash.png */; };
		9AAEDC3711C1FACA0033488A /* libTouchJSON.a in Frameworks */ = {isa = PBXBuildFile; fileRef = 9AAEDC3211C1FAA20033488A /* libTouchJSON.a */; };
		9AE1362D11C20A4C000D9275 /* DRRestaurantCell.m in Sources */ = {isa = PBXBuildFile; fileRef = 9AE1362C11C20A4C000D9275 /* DRRestaurantCell.m */; };
		9AE1363D11C20B8E000D9275 /* DRRestaurantCell.xib in Resources */ = {isa = PBXBuildFile; fileRef = 9AE1363C11C20B8E000D9275 /* DRRestaurantCell.xib */; };
		9AE24F7611C1A6AA006C7F8C /* UIKit.framework in Frameworks */ = {isa = PBXBuildFile; fileRef = 9AE24F7511C1A6AA006C7F8C /* UIKit.framework */; };
		9AE24F7811C1A6AA006C7F8C /* Foundation.framework in Frameworks */ = {isa = PBXBuildFile; fileRef = 9AE24F7711C1A6AA006C7F8C /* Foundation.framework */; };
		9AE24F7A11C1A6AA006C7F8C /* CoreGraphics.framework in Frameworks */ = {isa = PBXBuildFile; fileRef = 9AE24F7911C1A6AA006C7F8C /* CoreGraphics.framework */; };
		9AE24F7C11C1A6AA006C7F8C /* CoreData.framework in Frameworks */ = {isa = PBXBuildFile; fileRef = 9AE24F7B11C1A6AA006C7F8C /* CoreData.framework */; };
		9AE24F8111C1A6AA006C7F8C /* InfoPlist.strings in Resources */ = {isa = PBXBuildFile; fileRef = 9AE24F7F11C1A6AA006C7F8C /* InfoPlist.strings */; };
		9AE24F8311C1A6AA006C7F8C /* main.m in Sources */ = {isa = PBXBuildFile; fileRef = 9AE24F8211C1A6AA006C7F8C /* main.m */; };
		9AE24F8611C1A6AA006C7F8C /* DRAppDelegate.m in Sources */ = {isa = PBXBuildFile; fileRef = 9AE24F8511C1A6AA006C7F8C /* DRAppDelegate.m */; };
		9AE24F8B11C1A6AB006C7F8C /* MainWindow.xib in Resources */ = {isa = PBXBuildFile; fileRef = 9AE24F8911C1A6AB006C7F8C /* MainWindow.xib */; };
/* End PBXBuildFile section */

/* Begin PBXContainerItemProxy section */
		9AAEDC3111C1FAA20033488A /* PBXContainerItemProxy */ = {
			isa = PBXContainerItemProxy;
			containerPortal = 9AAEDC2A11C1FAA20033488A /* TouchJSON.xcodeproj */;
			proxyType = 2;
			remoteGlobalIDString = D2AAC07E0554694100DB518D;
			remoteInfo = TouchJSON;
		};
		9AAEDC3511C1FAAD0033488A /* PBXContainerItemProxy */ = {
			isa = PBXContainerItemProxy;
			containerPortal = 9AAEDC2A11C1FAA20033488A /* TouchJSON.xcodeproj */;
			proxyType = 1;
			remoteGlobalIDString = D2AAC07D0554694100DB518D;
			remoteInfo = TouchJSON;
		};
/* End PBXContainerItemProxy section */

/* Begin PBXFileReference section */
		7205310911C1ADB700435FA4 /* gandolfos.png */ = {isa = PBXFileReference; lastKnownFileType = image.png; path = gandolfos.png; sourceTree = "<group>"; };
		7205310A11C1ADB700435FA4 /* gurus.png */ = {isa = PBXFileReference; lastKnownFileType = image.png; path = gurus.png; sourceTree = "<group>"; };
		7205310B11C1ADB700435FA4 /* reddeli.png */ = {isa = PBXFileReference; lastKnownFileType = image.png; path = reddeli.png; sourceTree = "<group>"; };
		7205310C11C1ADB700435FA4 /* thepitapit.png */ = {isa = PBXFileReference; lastKnownFileType = image.png; path = thepitapit.png; sourceTree = "<group>"; };
		7205310E11C1ADB700435FA4 /* gandolfos.pdf */ = {isa = PBXFileReference; lastKnownFileType = image.pdf; path = gandolfos.pdf; sourceTree = "<group>"; };
		7205310F11C1ADB700435FA4 /* gurus.pdf */ = {isa = PBXFileReference; lastKnownFileType = image.pdf; path = gurus.pdf; sourceTree = "<group>"; };
		7205311011C1ADB700435FA4 /* reddeli.pdf */ = {isa = PBXFileReference; lastKnownFileType = image.pdf; path = reddeli.pdf; sourceTree = "<group>"; };
		7205311111C1ADB700435FA4 /* thepitapit.pdf */ = {isa = PBXFileReference; lastKnownFileType = image.pdf; path = thepitapit.pdf; sourceTree = "<group>"; };
		7205311211C1ADB700435FA4 /* restaurants.json */ = {isa = PBXFileReference; fileEncoding = 4; lastKnownFileType = text; path = restaurants.json; sourceTree = "<group>"; };
		7205314811C1B4BB00435FA4 /* DRRestaurantPickerViewController.xib */ = {isa = PBXFileReference; lastKnownFileType = file.xib; path = DRRestaurantPickerViewController.xib; sourceTree = "<group>"; };
		7205319211C1B81C00435FA4 /* DRRestaurantPickerViewController.h */ = {isa = PBXFileReference; fileEncoding = 4; lastKnownFileType = sourcecode.c.h; path = DRRestaurantPickerViewController.h; sourceTree = "<group>"; };
		7205319311C1B81C00435FA4 /* DRRestaurantPickerViewController.m */ = {isa = PBXFileReference; fileEncoding = 4; lastKnownFileType = sourcecode.c.objc; path = DRRestaurantPickerViewController.m; sourceTree = "<group>"; };
		78BDDB2511C1B48D00FF833E /* DRDataManager.h */ = {isa = PBXFileReference; fileEncoding = 4; lastKnownFileType = sourcecode.c.h; path = DRDataManager.h; sourceTree = "<group>"; };
		78BDDB2611C1B48D00FF833E /* DRDataManager.m */ = {isa = PBXFileReference; fileEncoding = 4; lastKnownFileType = sourcecode.c.objc; path = DRDataManager.m; sourceTree = "<group>"; };
		78BDDB3311C1B8DF00FF833E /* DRReceiptSummaryViewController.xib */ = {isa = PBXFileReference; fileEncoding = 4; lastKnownFileType = file.xib; path = DRReceiptSummaryViewController.xib; sourceTree = "<group>"; };
		9A4A57CE11C2B04D00B0A26F /* DRReceiptSummaryViewController.h */ = {isa = PBXFileReference; fileEncoding = 4; lastKnownFileType = sourcecode.c.h; path = DRReceiptSummaryViewController.h; sourceTree = "<group>"; };
		9A4A57CF11C2B04D00B0A26F /* DRReceiptSummaryViewController.m */ = {isa = PBXFileReference; fileEncoding = 4; lastKnownFileType = sourcecode.c.objc; path = DRReceiptSummaryViewController.m; sourceTree = "<group>"; };
		9A4A57E711C2B11500B0A26F /* DRRootViewController.h */ = {isa = PBXFileReference; fileEncoding = 4; lastKnownFileType = sourcecode.c.h; path = DRRootViewController.h; sourceTree = "<group>"; };
		9A4A57E811C2B11500B0A26F /* DRRootViewController.m */ = {isa = PBXFileReference; fileEncoding = 4; lastKnownFileType = sourcecode.c.objc; path = DRRootViewController.m; sourceTree = "<group>"; };
		9A69D84211C1A7A1008F40FA /* DoughnutRun.xcdatamodel */ = {isa = PBXFileReference; fileEncoding = 4; lastKnownFileType = wrapper.xcdatamodel; path = DoughnutRun.xcdatamodel; sourceTree = "<group>"; };
		9A69D86311C1B14D008F40FA /* DRExtra.h */ = {isa = PBXFileReference; fileEncoding = 4; lastKnownFileType = sourcecode.c.h; path = DRExtra.h; sourceTree = "<group>"; };
		9A69D86411C1B14D008F40FA /* DRExtra.m */ = {isa = PBXFileReference; fileEncoding = 4; lastKnownFileType = sourcecode.c.objc; path = DRExtra.m; sourceTree = "<group>"; };
		9A69D86511C1B14D008F40FA /* DRRestaurant.h */ = {isa = PBXFileReference; fileEncoding = 4; lastKnownFileType = sourcecode.c.h; path = DRRestaurant.h; sourceTree = "<group>"; };
		9A69D86611C1B14D008F40FA /* DRRestaurant.m */ = {isa = PBXFileReference; fileEncoding = 4; lastKnownFileType = sourcecode.c.objc; path = DRRestaurant.m; sourceTree = "<group>"; };
		9A69D86711C1B14D008F40FA /* DRMenuItem.h */ = {isa = PBXFileReference; fileEncoding = 4; lastKnownFileType = sourcecode.c.h; path = DRMenuItem.h; sourceTree = "<group>"; };
		9A69D86811C1B14D008F40FA /* DRMenuItem.m */ = {isa = PBXFileReference; fileEncoding = 4; lastKnownFileType = sourcecode.c.objc; path = DRMenuItem.m; sourceTree = "<group>"; };
		9A69D86911C1B14D008F40FA /* DRMenuSection.h */ = {isa = PBXFileReference; fileEncoding = 4; lastKnownFileType = sourcecode.c.h; path = DRMenuSection.h; sourceTree = "<group>"; };
		9A69D86A11C1B14D008F40FA /* DRMenuSection.m */ = {isa = PBXFileReference; fileEncoding = 4; lastKnownFileType = sourcecode.c.objc; path = DRMenuSection.m; sourceTree = "<group>"; };
		9A86480F11C2F9C00057E4CF /* DarkBackground.png */ = {isa = PBXFileReference; lastKnownFileType = image.png; path = DarkBackground.png; sourceTree = "<group>"; };
		9A86481011C2F9C00057E4CF /* LightBackground.png */ = {isa = PBXFileReference; lastKnownFileType = image.png; path = LightBackground.png; sourceTree = "<group>"; };
		9AAEDB7C11C1C5DA0033488A /* plus.png */ = {isa = PBXFileReference; lastKnownFileType = image.png; path = plus.png; sourceTree = "<group>"; };
		9AAEDB7D11C1C5DA0033488A /* trash.png */ = {isa = PBXFileReference; lastKnownFileType = image.png; path = trash.png; sourceTree = "<group>"; };
		9AAEDC2A11C1FAA20033488A /* TouchJSON.xcodeproj */ = {isa = PBXFileReference; lastKnownFileType = "wrapper.pb-project"; name = TouchJSON.xcodeproj; path = External/TouchJSON/TouchJSON.xcodeproj; sourceTree = "<group>"; };
		9AE1362B11C20A4C000D9275 /* DRRestaurantCell.h */ = {isa = PBXFileReference; fileEncoding = 4; lastKnownFileType = sourcecode.c.h; path = DRRestaurantCell.h; sourceTree = "<group>"; };
		9AE1362C11C20A4C000D9275 /* DRRestaurantCell.m */ = {isa = PBXFileReference; fileEncoding = 4; lastKnownFileType = sourcecode.c.objc; path = DRRestaurantCell.m; sourceTree = "<group>"; };
		9AE1363C11C20B8E000D9275 /* DRRestaurantCell.xib */ = {isa = PBXFileReference; lastKnownFileType = file.xib; path = DRRestaurantCell.xib; sourceTree = "<group>"; };
		9AE24F7211C1A6AA006C7F8C /* DoughnutRun.app */ = {isa = PBXFileReference; explicitFileType = wrapper.application; includeInIndex = 0; path = DoughnutRun.app; sourceTree = BUILT_PRODUCTS_DIR; };
		9AE24F7511C1A6AA006C7F8C /* UIKit.framework */ = {isa = PBXFileReference; lastKnownFileType = wrapper.framework; name = UIKit.framework; path = System/Library/Frameworks/UIKit.framework; sourceTree = SDKROOT; };
		9AE24F7711C1A6AA006C7F8C /* Foundation.framework */ = {isa = PBXFileReference; lastKnownFileType = wrapper.framework; name = Foundation.framework; path = System/Library/Frameworks/Foundation.framework; sourceTree = SDKROOT; };
		9AE24F7911C1A6AA006C7F8C /* CoreGraphics.framework */ = {isa = PBXFileReference; lastKnownFileType = wrapper.framework; name = CoreGraphics.framework; path = System/Library/Frameworks/CoreGraphics.framework; sourceTree = SDKROOT; };
		9AE24F7B11C1A6AA006C7F8C /* CoreData.framework */ = {isa = PBXFileReference; lastKnownFileType = wrapper.framework; name = CoreData.framework; path = System/Library/Frameworks/CoreData.framework; sourceTree = SDKROOT; };
		9AE24F7D11C1A6AA006C7F8C /* DoughnutRun-Info.plist */ = {isa = PBXFileReference; lastKnownFileType = text.plist.xml; path = "DoughnutRun-Info.plist"; sourceTree = "<group>"; };
		9AE24F7E11C1A6AA006C7F8C /* DoughnutRun_Prefix.pch */ = {isa = PBXFileReference; lastKnownFileType = sourcecode.c.h; path = DoughnutRun_Prefix.pch; sourceTree = "<group>"; };
		9AE24F8011C1A6AA006C7F8C /* en */ = {isa = PBXFileReference; lastKnownFileType = text.plist.strings; name = en; path = en.lproj/InfoPlist.strings; sourceTree = "<group>"; };
		9AE24F8211C1A6AA006C7F8C /* main.m */ = {isa = PBXFileReference; lastKnownFileType = sourcecode.c.objc; path = main.m; sourceTree = "<group>"; };
		9AE24F8411C1A6AA006C7F8C /* DRAppDelegate.h */ = {isa = PBXFileReference; lastKnownFileType = sourcecode.c.h; path = DRAppDelegate.h; sourceTree = "<group>"; };
		9AE24F8511C1A6AA006C7F8C /* DRAppDelegate.m */ = {isa = PBXFileReference; lastKnownFileType = sourcecode.c.objc; path = DRAppDelegate.m; sourceTree = "<group>"; };
		9AE24F8A11C1A6AB006C7F8C /* en */ = {isa = PBXFileReference; lastKnownFileType = file.xib; name = en; path = en.lproj/MainWindow.xib; sourceTree = "<group>"; };
/* End PBXFileReference section */

/* Begin PBXFrameworksBuildPhase section */
		9AE24F6F11C1A6AA006C7F8C /* Frameworks */ = {
			isa = PBXFrameworksBuildPhase;
			buildActionMask = 2147483647;
			files = (
				9AAEDC3711C1FACA0033488A /* libTouchJSON.a in Frameworks */,
				9AE24F7611C1A6AA006C7F8C /* UIKit.framework in Frameworks */,
				9AE24F7811C1A6AA006C7F8C /* Foundation.framework in Frameworks */,
				9AE24F7A11C1A6AA006C7F8C /* CoreGraphics.framework in Frameworks */,
				9AE24F7C11C1A6AA006C7F8C /* CoreData.framework in Frameworks */,
			);
			runOnlyForDeploymentPostprocessing = 0;
		};
/* End PBXFrameworksBuildPhase section */

/* Begin PBXGroup section */
		7205310811C1ADB700435FA4 /* image */ = {
			isa = PBXGroup;
			children = (
				9A86480F11C2F9C00057E4CF /* DarkBackground.png */,
				9A86481011C2F9C00057E4CF /* LightBackground.png */,
				7205310911C1ADB700435FA4 /* gandolfos.png */,
				7205310A11C1ADB700435FA4 /* gurus.png */,
				7205310B11C1ADB700435FA4 /* reddeli.png */,
				7205310C11C1ADB700435FA4 /* thepitapit.png */,
			);
			path = image;
			sourceTree = "<group>";
		};
		7205310D11C1ADB700435FA4 /* menu */ = {
			isa = PBXGroup;
			children = (
				7205310E11C1ADB700435FA4 /* gandolfos.pdf */,
				7205310F11C1ADB700435FA4 /* gurus.pdf */,
				7205311011C1ADB700435FA4 /* reddeli.pdf */,
				7205311111C1ADB700435FA4 /* thepitapit.pdf */,
			);
			path = menu;
			sourceTree = "<group>";
		};
		9A4A574411C29E6700B0A26F /* Restautant Picker */ = {
			isa = PBXGroup;
			children = (
				7205319211C1B81C00435FA4 /* DRRestaurantPickerViewController.h */,
				7205319311C1B81C00435FA4 /* DRRestaurantPickerViewController.m */,
				9AE1362B11C20A4C000D9275 /* DRRestaurantCell.h */,
				9AE1362C11C20A4C000D9275 /* DRRestaurantCell.m */,
			);
			name = "Restautant Picker";
			sourceTree = "<group>";
		};
		9A4A574611C29E7F00B0A26F /* Receipt Summary */ = {
			isa = PBXGroup;
			children = (
				9A4A57CE11C2B04D00B0A26F /* DRReceiptSummaryViewController.h */,
				9A4A57CF11C2B04D00B0A26F /* DRReceiptSummaryViewController.m */,
			);
			name = "Receipt Summary";
			sourceTree = "<group>";
		};
		9AAEDB7B11C1C5DA0033488A /* icons */ = {
			isa = PBXGroup;
			children = (
				9AAEDB7C11C1C5DA0033488A /* plus.png */,
				9AAEDB7D11C1C5DA0033488A /* trash.png */,
			);
			path = icons;
			sourceTree = "<group>";
		};
		9AAEDBBE11C1CB700033488A /* XIBs */ = {
			isa = PBXGroup;
			children = (
				9AE24F8911C1A6AB006C7F8C /* MainWindow.xib */,
				78BDDB3311C1B8DF00FF833E /* DRReceiptSummaryViewController.xib */,
				7205314811C1B4BB00435FA4 /* DRRestaurantPickerViewController.xib */,
				9AE1363C11C20B8E000D9275 /* DRRestaurantCell.xib */,
			);
			name = XIBs;
			sourceTree = "<group>";
		};
		9AAEDC2B11C1FAA20033488A /* Products */ = {
			isa = PBXGroup;
			children = (
				9AAEDC3211C1FAA20033488A /* libTouchJSON.a */,
			);
			name = Products;
			sourceTree = "<group>";
		};
		9AB06C4D11C1B0F400DB9B18 /* Data Model Classes */ = {
			isa = PBXGroup;
			children = (
				9A69D86311C1B14D008F40FA /* DRExtra.h */,
				9A69D86411C1B14D008F40FA /* DRExtra.m */,
				9A69D86511C1B14D008F40FA /* DRRestaurant.h */,
				9A69D86611C1B14D008F40FA /* DRRestaurant.m */,
				9A69D86711C1B14D008F40FA /* DRMenuItem.h */,
				9A69D86811C1B14D008F40FA /* DRMenuItem.m */,
				9A69D86911C1B14D008F40FA /* DRMenuSection.h */,
				9A69D86A11C1B14D008F40FA /* DRMenuSection.m */,
			);
			name = "Data Model Classes";
			sourceTree = "<group>";
		};
		9AE135FC11C2047A000D9275 /* Views */ = {
			isa = PBXGroup;
			children = (
				9A4A57E711C2B11500B0A26F /* DRRootViewController.h */,
				9A4A57E811C2B11500B0A26F /* DRRootViewController.m */,
				9A4A574411C29E6700B0A26F /* Restautant Picker */,
				9A4A574611C29E7F00B0A26F /* Receipt Summary */,
			);
			name = Views;
			sourceTree = "<group>";
		};
		9AE135FD11C20487000D9275 /* Data */ = {
			isa = PBXGroup;
			children = (
				78BDDB2511C1B48D00FF833E /* DRDataManager.h */,
				78BDDB2611C1B48D00FF833E /* DRDataManager.m */,
				9AB06C4D11C1B0F400DB9B18 /* Data Model Classes */,
			);
			name = Data;
			sourceTree = "<group>";
		};
		9AE24F6211C1A6AA006C7F8C = {
			isa = PBXGroup;
			children = (
				9AE24F6911C1A6AA006C7F8C /* Models */,
				9AE24F6A11C1A6AA006C7F8C /* Classes */,
				9AE24F6B11C1A6AA006C7F8C /* Other Sources */,
				9AE24F6C11C1A6AA006C7F8C /* Resources */,
				9AE24F6D11C1A6AA006C7F8C /* Frameworks */,
				9AE24F7311C1A6AA006C7F8C /* Products */,
			);
			sourceTree = "<group>";
		};
		9AE24F6911C1A6AA006C7F8C /* Models */ = {
			isa = PBXGroup;
			children = (
				9A69D84211C1A7A1008F40FA /* DoughnutRun.xcdatamodel */,
			);
			name = Models;
			sourceTree = "<group>";
		};
		9AE24F6A11C1A6AA006C7F8C /* Classes */ = {
			isa = PBXGroup;
			children = (
				9AE24F8411C1A6AA006C7F8C /* DRAppDelegate.h */,
				9AE24F8511C1A6AA006C7F8C /* DRAppDelegate.m */,
				9AE135FC11C2047A000D9275 /* Views */,
				9AE135FD11C20487000D9275 /* Data */,
			);
			path = Classes;
			sourceTree = "<group>";
		};
		9AE24F6B11C1A6AA006C7F8C /* Other Sources */ = {
			isa = PBXGroup;
			children = (
				9AAEDC2A11C1FAA20033488A /* TouchJSON.xcodeproj */,
				9AE24F7E11C1A6AA006C7F8C /* DoughnutRun_Prefix.pch */,
				9AE24F8211C1A6AA006C7F8C /* main.m */,
			);
			name = "Other Sources";
			sourceTree = "<group>";
		};
		9AE24F6C11C1A6AA006C7F8C /* Resources */ = {
			isa = PBXGroup;
			children = (
				9AAEDBBE11C1CB700033488A /* XIBs */,
				9AAEDB7B11C1C5DA0033488A /* icons */,
				7205310811C1ADB700435FA4 /* image */,
				7205310D11C1ADB700435FA4 /* menu */,
				7205311211C1ADB700435FA4 /* restaurants.json */,
				9AE24F7D11C1A6AA006C7F8C /* DoughnutRun-Info.plist */,
				9AE24F7F11C1A6AA006C7F8C /* InfoPlist.strings */,
			);
			name = Resources;
			sourceTree = "<group>";
		};
		9AE24F6D11C1A6AA006C7F8C /* Frameworks */ = {
			isa = PBXGroup;
			children = (
				9AE24F7511C1A6AA006C7F8C /* UIKit.framework */,
				9AE24F7711C1A6AA006C7F8C /* Foundation.framework */,
				9AE24F7911C1A6AA006C7F8C /* CoreGraphics.framework */,
				9AE24F7B11C1A6AA006C7F8C /* CoreData.framework */,
			);
			name = Frameworks;
			sourceTree = "<group>";
		};
		9AE24F7311C1A6AA006C7F8C /* Products */ = {
			isa = PBXGroup;
			children = (
				9AE24F7211C1A6AA006C7F8C /* DoughnutRun.app */,
			);
			name = Products;
			sourceTree = "<group>";
		};
/* End PBXGroup section */

/* Begin PBXNativeTarget section */
		9AE24F7111C1A6AA006C7F8C /* DoughnutRun */ = {
			isa = PBXNativeTarget;
			buildConfigurationList = 9AE24F8E11C1A6AB006C7F8C /* Build configuration list for PBXNativeTarget "DoughnutRun" */;
			buildPhases = (
				9AE24F6E11C1A6AA006C7F8C /* Sources */,
				9AE24F6F11C1A6AA006C7F8C /* Frameworks */,
				9AE24F7011C1A6AA006C7F8C /* Resources */,
			);
			buildRules = (
			);
			dependencies = (
				9AAEDC3611C1FAAD0033488A /* PBXTargetDependency */,
			);
			name = DoughnutRun;
			productName = DoughnutRun;
			productReference = 9AE24F7211C1A6AA006C7F8C /* DoughnutRun.app */;
			productType = "com.apple.product-type.application";
		};
/* End PBXNativeTarget section */

/* Begin PBXProject section */
		9AE24F6411C1A6AA006C7F8C /* Project object */ = {
			isa = PBXProject;
			attributes = {
				ORGANIZATIONNAME = "Cory Kilger";
			};
			buildConfigurationList = 9AE24F6711C1A6AA006C7F8C /* Build configuration list for PBXProject "DoughnutRun" */;
			compatibilityVersion = "Xcode 3.2";
			hasScannedForEncodings = 0;
			mainGroup = 9AE24F6211C1A6AA006C7F8C;
			productRefGroup = 9AE24F7311C1A6AA006C7F8C /* Products */;
			projectDirPath = "";
			projectReferences = (
				{
					ProductGroup = 9AAEDC2B11C1FAA20033488A /* Products */;
					ProjectRef = 9AAEDC2A11C1FAA20033488A /* TouchJSON.xcodeproj */;
				},
			);
			projectRoot = "";
			targets = (
				9AE24F7111C1A6AA006C7F8C /* DoughnutRun */,
			);
		};
/* End PBXProject section */

/* Begin PBXReferenceProxy section */
		9AAEDC3211C1FAA20033488A /* libTouchJSON.a */ = {
			isa = PBXReferenceProxy;
			fileType = archive.ar;
			path = libTouchJSON.a;
			remoteRef = 9AAEDC3111C1FAA20033488A /* PBXContainerItemProxy */;
			sourceTree = BUILT_PRODUCTS_DIR;
		};
/* End PBXReferenceProxy section */

/* Begin PBXResourcesBuildPhase section */
		9AE24F7011C1A6AA006C7F8C /* Resources */ = {
			isa = PBXResourcesBuildPhase;
			buildActionMask = 2147483647;
			files = (
				9AE24F8111C1A6AA006C7F8C /* InfoPlist.strings in Resources */,
				9AE24F8B11C1A6AB006C7F8C /* MainWindow.xib in Resources */,
				7205311311C1ADB700435FA4 /* gandolfos.png in Resources */,
				7205311411C1ADB700435FA4 /* gurus.png in Resources */,
				7205311511C1ADB700435FA4 /* reddeli.png in Resources */,
				7205311611C1ADB700435FA4 /* thepitapit.png in Resources */,
				7205311711C1ADB700435FA4 /* gandolfos.pdf in Resources */,
				7205311811C1ADB700435FA4 /* gurus.pdf in Resources */,
				7205311911C1ADB700435FA4 /* reddeli.pdf in Resources */,
				7205311A11C1ADB700435FA4 /* thepitapit.pdf in Resources */,
				7205311B11C1ADB700435FA4 /* restaurants.json in Resources */,
				78BDDB3411C1B8DF00FF833E /* DRReceiptSummaryViewController.xib in Resources */,
				7205314911C1B4BB00435FA4 /* DRRestaurantPickerViewController.xib in Resources */,
				9AAEDB7E11C1C5DA0033488A /* plus.png in Resources */,
				9AAEDB7F11C1C5DA0033488A /* trash.png in Resources */,
				9AE1363D11C20B8E000D9275 /* DRRestaurantCell.xib in Resources */,
				9A86481111C2F9C00057E4CF /* DarkBackground.png in Resources */,
				9A86481211C2F9C00057E4CF /* LightBackground.png in Resources */,
			);
			runOnlyForDeploymentPostprocessing = 0;
		};
/* End PBXResourcesBuildPhase section */

/* Begin PBXSourcesBuildPhase section */
		9AE24F6E11C1A6AA006C7F8C /* Sources */ = {
			isa = PBXSourcesBuildPhase;
			buildActionMask = 2147483647;
			files = (
				9AE24F8311C1A6AA006C7F8C /* main.m in Sources */,
				9AE24F8611C1A6AA006C7F8C /* DRAppDelegate.m in Sources */,
				9A69D84311C1A7A1008F40FA /* DoughnutRun.xcdatamodel in Sources */,
				7205319411C1B81C00435FA4 /* DRRestaurantPickerViewController.m in Sources */,
				9A69D86B11C1B14D008F40FA /* DRExtra.m in Sources */,
				9A69D86C11C1B14D008F40FA /* DRRestaurant.m in Sources */,
				9A69D86D11C1B14D008F40FA /* DRMenuItem.m in Sources */,
				9A69D86E11C1B14D008F40FA /* DRMenuSection.m in Sources */,
				78BDDB2711C1B48D00FF833E /* DRDataManager.m in Sources */,
				9AE1362D11C20A4C000D9275 /* DRRestaurantCell.m in Sources */,
				9A4A57D011C2B04D00B0A26F /* DRReceiptSummaryViewController.m in Sources */,
				9A4A57E911C2B11500B0A26F /* DRRootViewController.m in Sources */,
			);
			runOnlyForDeploymentPostprocessing = 0;
		};
/* End PBXSourcesBuildPhase section */

/* Begin PBXTargetDependency section */
		9AAEDC3611C1FAAD0033488A /* PBXTargetDependency */ = {
			isa = PBXTargetDependency;
			name = TouchJSON;
			targetProxy = 9AAEDC3511C1FAAD0033488A /* PBXContainerItemProxy */;
		};
/* End PBXTargetDependency section */

/* Begin PBXVariantGroup section */
		9AE24F7F11C1A6AA006C7F8C /* InfoPlist.strings */ = {
			isa = PBXVariantGroup;
			children = (
				9AE24F8011C1A6AA006C7F8C /* en */,
			);
			name = InfoPlist.strings;
			sourceTree = "<group>";
		};
		9AE24F8911C1A6AB006C7F8C /* MainWindow.xib */ = {
			isa = PBXVariantGroup;
			children = (
				9AE24F8A11C1A6AB006C7F8C /* en */,
			);
			name = MainWindow.xib;
			sourceTree = "<group>";
		};
/* End PBXVariantGroup section */

/* Begin XCBuildConfiguration section */
		9AE24F8C11C1A6AB006C7F8C /* Debug */ = {
			isa = XCBuildConfiguration;
			buildSettings = {
				ARCHS = "$(ARCHS_UNIVERSAL_IPHONE_OS)";
				"CODE_SIGN_IDENTITY[sdk=iphoneos*]" = "iPhone Developer";
				GCC_C_LANGUAGE_STANDARD = gnu99;
				GCC_OPTIMIZATION_LEVEL = 0;
				GCC_PREPROCESSOR_DEFINITIONS = DEBUG;
				GCC_WARN_ABOUT_RETURN_TYPE = YES;
				GCC_WARN_UNUSED_VARIABLE = YES;
				PREBINDING = NO;
				SDKROOT = iphoneos4.0;
				TARGETED_DEVICE_FAMILY = 2;
			};
			name = Debug;
		};
		9AE24F8D11C1A6AB006C7F8C /* Release */ = {
			isa = XCBuildConfiguration;
			buildSettings = {
				ARCHS = "$(ARCHS_UNIVERSAL_IPHONE_OS)";
				"CODE_SIGN_IDENTITY[sdk=iphoneos*]" = "iPhone Developer";
				GCC_C_LANGUAGE_STANDARD = gnu99;
				GCC_WARN_ABOUT_RETURN_TYPE = YES;
				GCC_WARN_UNUSED_VARIABLE = YES;
				OTHER_CFLAGS = "-DNS_BLOCK_ASSERTIONS=1";
				PREBINDING = NO;
				SDKROOT = iphoneos4.0;
				TARGETED_DEVICE_FAMILY = 2;
			};
			name = Release;
		};
		9AE24F8F11C1A6AB006C7F8C /* Debug */ = {
			isa = XCBuildConfiguration;
			buildSettings = {
				ALWAYS_SEARCH_USER_PATHS = NO;
				COPY_PHASE_STRIP = NO;
				GCC_DYNAMIC_NO_PIC = NO;
				GCC_PRECOMPILE_PREFIX_HEADER = YES;
				GCC_PREFIX_HEADER = DoughnutRun_Prefix.pch;
				GCC_VERSION = com.apple.compilers.llvm.clang.1_0;
				INFOPLIST_FILE = "DoughnutRun-Info.plist";
				IPHONEOS_DEPLOYMENT_TARGET = 3.2;
				PRODUCT_NAME = DoughnutRun;
				SDKROOT = iphoneos3.2;
				USER_HEADER_SEARCH_PATHS = "External/TouchJSON/**";
				WRAPPER_EXTENSION = app;
			};
			name = Debug;
		};
		9AE24F9011C1A6AB006C7F8C /* Release */ = {
			isa = XCBuildConfiguration;
			buildSettings = {
				ALWAYS_SEARCH_USER_PATHS = NO;
				COPY_PHASE_STRIP = YES;
				GCC_PRECOMPILE_PREFIX_HEADER = YES;
				GCC_PREFIX_HEADER = DoughnutRun_Prefix.pch;
				GCC_VERSION = com.apple.compilers.llvm.clang.1_0;
				INFOPLIST_FILE = "DoughnutRun-Info.plist";
				IPHONEOS_DEPLOYMENT_TARGET = 3.2;
				PRODUCT_NAME = DoughnutRun;
				SDKROOT = iphoneos3.2;
				USER_HEADER_SEARCH_PATHS = "External/TouchJSON/**";
				VALIDATE_PRODUCT = YES;
				WRAPPER_EXTENSION = app;
			};
			name = Release;
		};
/* End XCBuildConfiguration section */

/* Begin XCConfigurationList section */
		9AE24F6711C1A6AA006C7F8C /* Build configuration list for PBXProject "DoughnutRun" */ = {
			isa = XCConfigurationList;
			buildConfigurations = (
				9AE24F8C11C1A6AB006C7F8C /* Debug */,
				9AE24F8D11C1A6AB006C7F8C /* Release */,
			);
			defaultConfigurationIsVisible = 0;
			defaultConfigurationName = Release;
		};
		9AE24F8E11C1A6AB006C7F8C /* Build configuration list for PBXNativeTarget "DoughnutRun" */ = {
			isa = XCConfigurationList;
			buildConfigurations = (
				9AE24F8F11C1A6AB006C7F8C /* Debug */,
				9AE24F9011C1A6AB006C7F8C /* Release */,
			);
			defaultConfigurationIsVisible = 0;
			defaultConfigurationName = Release;
		};
/* End XCConfigurationList section */
	};
	rootObject = 9AE24F6411C1A6AA006C7F8C /* Project object */;
}
