// !$*UTF8*$!
{
	archiveVersion = 1;
	classes = {
	};
	objectVersion = 46;
	objects = {

/* Begin PBXBuildFile section */
		7205311311C1ADB700435FA4 /* gandolfos.png in Resources */ = {isa = PBXBuildFile; fileRef = 7205310911C1ADB700435FA4 /* gandolfos.png */; };
		7205311411C1ADB700435FA4 /* gurus.png in Resources */ = {isa = PBXBuildFile; fileRef = 7205310A11C1ADB700435FA4 /* gurus.png */; };
		7205311511C1ADB700435FA4 /* reddeli.png in Resources */ = {isa = PBXBuildFile; fileRef = 7205310B11C1ADB700435FA4 /* reddeli.png */; };
		7205311611C1ADB700435FA4 /* thepitapit.png in Resources */ = {isa = PBXBuildFile; fileRef = 7205310C11C1ADB700435FA4 /* thepitapit.png */; };
		7205311711C1ADB700435FA4 /* gandolfos.pdf in Resources */ = {isa = PBXBuildFile; fileRef = 7205310E11C1ADB700435FA4 /* gandolfos.pdf */; };
		7205311811C1ADB700435FA4 /* gurus.pdf in Resources */ = {isa = PBXBuildFile; fileRef = 7205310F11C1ADB700435FA4 /* gurus.pdf */; };
		7205311911C1ADB700435FA4 /* reddeli.pdf in Resources */ = {isa = PBXBuildFile; fileRef = 7205311011C1ADB700435FA4 /* reddeli.pdf */; };
		7205311A11C1ADB700435FA4 /* thepitapit.pdf in Resources */ = {isa = PBXBuildFile; fileRef = 7205311111C1ADB700435FA4 /* thepitapit.pdf */; };
		7205311B11C1ADB700435FA4 /* restaurants.json in Resources */ = {isa = PBXBuildFile; fileRef = 7205311211C1ADB700435FA4 /* restaurants.json */; };
		78BDDB2711C1B48D00FF833E /* DataModel.m in Sources */ = {isa = PBXBuildFile; fileRef = 78BDDB2611C1B48D00FF833E /* DataModel.m */; };
		78BDDB3111C1B85A00FF833E /* ReceiptSummaryViewController.m in Sources */ = {isa = PBXBuildFile; fileRef = 78BDDB2F11C1B85A00FF833E /* ReceiptSummaryViewController.m */; };
		78BDDB3411C1B8DF00FF833E /* ReceiptSummaryViewController.xib in Resources */ = {isa = PBXBuildFile; fileRef = 78BDDB3311C1B8DF00FF833E /* ReceiptSummaryViewController.xib */; };
		78BDDB3711C1BC7300FF833E /* plus.png in Resources */ = {isa = PBXBuildFile; fileRef = 78BDDB3511C1BC7300FF833E /* plus.png */; };
		78BDDB3811C1BC7300FF833E /* trash.png in Resources */ = {isa = PBXBuildFile; fileRef = 78BDDB3611C1BC7300FF833E /* trash.png */; };
		9A69D84311C1A7A1008F40FA /* DoughnutRun.xcdatamodel in Sources */ = {isa = PBXBuildFile; fileRef = 9A69D84211C1A7A1008F40FA /* DoughnutRun.xcdatamodel */; };
		9A69D86B11C1B14D008F40FA /* Extra.m in Sources */ = {isa = PBXBuildFile; fileRef = 9A69D86411C1B14D008F40FA /* Extra.m */; };
		9A69D86C11C1B14D008F40FA /* Restaurant.m in Sources */ = {isa = PBXBuildFile; fileRef = 9A69D86611C1B14D008F40FA /* Restaurant.m */; };
		9A69D86D11C1B14D008F40FA /* MenuItem.m in Sources */ = {isa = PBXBuildFile; fileRef = 9A69D86811C1B14D008F40FA /* MenuItem.m */; };
		9A69D86E11C1B14D008F40FA /* MenuSection.m in Sources */ = {isa = PBXBuildFile; fileRef = 9A69D86A11C1B14D008F40FA /* MenuSection.m */; };
		9AE24F7611C1A6AA006C7F8C /* UIKit.framework in Frameworks */ = {isa = PBXBuildFile; fileRef = 9AE24F7511C1A6AA006C7F8C /* UIKit.framework */; };
		9AE24F7811C1A6AA006C7F8C /* Foundation.framework in Frameworks */ = {isa = PBXBuildFile; fileRef = 9AE24F7711C1A6AA006C7F8C /* Foundation.framework */; };
		9AE24F7A11C1A6AA006C7F8C /* CoreGraphics.framework in Frameworks */ = {isa = PBXBuildFile; fileRef = 9AE24F7911C1A6AA006C7F8C /* CoreGraphics.framework */; };
		9AE24F7C11C1A6AA006C7F8C /* CoreData.framework in Frameworks */ = {isa = PBXBuildFile; fileRef = 9AE24F7B11C1A6AA006C7F8C /* CoreData.framework */; };
		9AE24F8111C1A6AA006C7F8C /* InfoPlist.strings in Resources */ = {isa = PBXBuildFile; fileRef = 9AE24F7F11C1A6AA006C7F8C /* InfoPlist.strings */; };
		9AE24F8311C1A6AA006C7F8C /* main.m in Sources */ = {isa = PBXBuildFile; fileRef = 9AE24F8211C1A6AA006C7F8C /* main.m */; };
		9AE24F8611C1A6AA006C7F8C /* DoughnutRunAppDelegate.m in Sources */ = {isa = PBXBuildFile; fileRef = 9AE24F8511C1A6AA006C7F8C /* DoughnutRunAppDelegate.m */; };
		9AE24F8B11C1A6AB006C7F8C /* MainWindow.xib in Resources */ = {isa = PBXBuildFile; fileRef = 9AE24F8911C1A6AB006C7F8C /* MainWindow.xib */; };
/* End PBXBuildFile section */

/* Begin PBXFileReference section */
		7205310911C1ADB700435FA4 /* gandolfos.png */ = {isa = PBXFileReference; lastKnownFileType = image.png; path = gandolfos.png; sourceTree = "<group>"; };
		7205310A11C1ADB700435FA4 /* gurus.png */ = {isa = PBXFileReference; lastKnownFileType = image.png; path = gurus.png; sourceTree = "<group>"; };
		7205310B11C1ADB700435FA4 /* reddeli.png */ = {isa = PBXFileReference; lastKnownFileType = image.png; path = reddeli.png; sourceTree = "<group>"; };
		7205310C11C1ADB700435FA4 /* thepitapit.png */ = {isa = PBXFileReference; lastKnownFileType = image.png; path = thepitapit.png; sourceTree = "<group>"; };
		7205310E11C1ADB700435FA4 /* gandolfos.pdf */ = {isa = PBXFileReference; lastKnownFileType = image.pdf; path = gandolfos.pdf; sourceTree = "<group>"; };
		7205310F11C1ADB700435FA4 /* gurus.pdf */ = {isa = PBXFileReference; lastKnownFileType = image.pdf; path = gurus.pdf; sourceTree = "<group>"; };
		7205311011C1ADB700435FA4 /* reddeli.pdf */ = {isa = PBXFileReference; lastKnownFileType = image.pdf; path = reddeli.pdf; sourceTree = "<group>"; };
		7205311111C1ADB700435FA4 /* thepitapit.pdf */ = {isa = PBXFileReference; lastKnownFileType = image.pdf; path = thepitapit.pdf; sourceTree = "<group>"; };
		7205311211C1ADB700435FA4 /* restaurants.json */ = {isa = PBXFileReference; fileEncoding = 4; lastKnownFileType = text; path = restaurants.json; sourceTree = "<group>"; };
		78BDDB2511C1B48D00FF833E /* DataModel.h */ = {isa = PBXFileReference; fileEncoding = 4; lastKnownFileType = sourcecode.c.h; path = DataModel.h; sourceTree = "<group>"; };
		78BDDB2611C1B48D00FF833E /* DataModel.m */ = {isa = PBXFileReference; fileEncoding = 4; lastKnownFileType = sourcecode.c.objc; path = DataModel.m; sourceTree = "<group>"; };
		78BDDB2E11C1B85A00FF833E /* ReceiptSummaryViewController.h */ = {isa = PBXFileReference; fileEncoding = 4; lastKnownFileType = sourcecode.c.h; path = ReceiptSummaryViewController.h; sourceTree = "<group>"; };
		78BDDB2F11C1B85A00FF833E /* ReceiptSummaryViewController.m */ = {isa = PBXFileReference; fileEncoding = 4; lastKnownFileType = sourcecode.c.objc; path = ReceiptSummaryViewController.m; sourceTree = "<group>"; };
		78BDDB3311C1B8DF00FF833E /* ReceiptSummaryViewController.xib */ = {isa = PBXFileReference; fileEncoding = 4; lastKnownFileType = file.xib; path = ReceiptSummaryViewController.xib; sourceTree = "<group>"; };
		78BDDB3511C1BC7300FF833E /* plus.png */ = {isa = PBXFileReference; lastKnownFileType = image.png; path = plus.png; sourceTree = "<group>"; };
		78BDDB3611C1BC7300FF833E /* trash.png */ = {isa = PBXFileReference; lastKnownFileType = image.png; path = trash.png; sourceTree = "<group>"; };
		9A69D84211C1A7A1008F40FA /* DoughnutRun.xcdatamodel */ = {isa = PBXFileReference; fileEncoding = 4; lastKnownFileType = wrapper.xcdatamodel; path = DoughnutRun.xcdatamodel; sourceTree = "<group>"; };
		9A69D86311C1B14D008F40FA /* Extra.h */ = {isa = PBXFileReference; fileEncoding = 4; lastKnownFileType = sourcecode.c.h; path = Extra.h; sourceTree = "<group>"; };
		9A69D86411C1B14D008F40FA /* Extra.m */ = {isa = PBXFileReference; fileEncoding = 4; lastKnownFileType = sourcecode.c.objc; path = Extra.m; sourceTree = "<group>"; };
		9A69D86511C1B14D008F40FA /* Restaurant.h */ = {isa = PBXFileReference; fileEncoding = 4; lastKnownFileType = sourcecode.c.h; path = Restaurant.h; sourceTree = "<group>"; };
		9A69D86611C1B14D008F40FA /* Restaurant.m */ = {isa = PBXFileReference; fileEncoding = 4; lastKnownFileType = sourcecode.c.objc; path = Restaurant.m; sourceTree = "<group>"; };
		9A69D86711C1B14D008F40FA /* MenuItem.h */ = {isa = PBXFileReference; fileEncoding = 4; lastKnownFileType = sourcecode.c.h; path = MenuItem.h; sourceTree = "<group>"; };
		9A69D86811C1B14D008F40FA /* MenuItem.m */ = {isa = PBXFileReference; fileEncoding = 4; lastKnownFileType = sourcecode.c.objc; path = MenuItem.m; sourceTree = "<group>"; };
		9A69D86911C1B14D008F40FA /* MenuSection.h */ = {isa = PBXFileReference; fileEncoding = 4; lastKnownFileType = sourcecode.c.h; path = MenuSection.h; sourceTree = "<group>"; };
		9A69D86A11C1B14D008F40FA /* MenuSection.m */ = {isa = PBXFileReference; fileEncoding = 4; lastKnownFileType = sourcecode.c.objc; path = MenuSection.m; sourceTree = "<group>"; };
		9AE24F7211C1A6AA006C7F8C /* DoughnutRun.app */ = {isa = PBXFileReference; explicitFileType = wrapper.application; includeInIndex = 0; path = DoughnutRun.app; sourceTree = BUILT_PRODUCTS_DIR; };
		9AE24F7511C1A6AA006C7F8C /* UIKit.framework */ = {isa = PBXFileReference; lastKnownFileType = wrapper.framework; name = UIKit.framework; path = System/Library/Frameworks/UIKit.framework; sourceTree = SDKROOT; };
		9AE24F7711C1A6AA006C7F8C /* Foundation.framework */ = {isa = PBXFileReference; lastKnownFileType = wrapper.framework; name = Foundation.framework; path = System/Library/Frameworks/Foundation.framework; sourceTree = SDKROOT; };
		9AE24F7911C1A6AA006C7F8C /* CoreGraphics.framework */ = {isa = PBXFileReference; lastKnownFileType = wrapper.framework; name = CoreGraphics.framework; path = System/Library/Frameworks/CoreGraphics.framework; sourceTree = SDKROOT; };
		9AE24F7B11C1A6AA006C7F8C /* CoreData.framework */ = {isa = PBXFileReference; lastKnownFileType = wrapper.framework; name = CoreData.framework; path = System/Library/Frameworks/CoreData.framework; sourceTree = SDKROOT; };
		9AE24F7D11C1A6AA006C7F8C /* DoughnutRun-Info.plist */ = {isa = PBXFileReference; lastKnownFileType = text.plist.xml; path = "DoughnutRun-Info.plist"; sourceTree = "<group>"; };
		9AE24F7E11C1A6AA006C7F8C /* DoughnutRun_Prefix.pch */ = {isa = PBXFileReference; lastKnownFileType = sourcecode.c.h; path = DoughnutRun_Prefix.pch; sourceTree = "<group>"; };
		9AE24F8011C1A6AA006C7F8C /* en */ = {isa = PBXFileReference; lastKnownFileType = text.plist.strings; name = en; path = en.lproj/InfoPlist.strings; sourceTree = "<group>"; };
		9AE24F8211C1A6AA006C7F8C /* main.m */ = {isa = PBXFileReference; lastKnownFileType = sourcecode.c.objc; path = main.m; sourceTree = "<group>"; };
		9AE24F8411C1A6AA006C7F8C /* DoughnutRunAppDelegate.h */ = {isa = PBXFileReference; lastKnownFileType = sourcecode.c.h; path = DoughnutRunAppDelegate.h; sourceTree = "<group>"; };
		9AE24F8511C1A6AA006C7F8C /* DoughnutRunAppDelegate.m */ = {isa = PBXFileReference; lastKnownFileType = sourcecode.c.objc; path = DoughnutRunAppDelegate.m; sourceTree = "<group>"; };
		9AE24F8A11C1A6AB006C7F8C /* en */ = {isa = PBXFileReference; lastKnownFileType = file.xib; name = en; path = en.lproj/MainWindow.xib; sourceTree = "<group>"; };
/* End PBXFileReference section */

/* Begin PBXFrameworksBuildPhase section */
		9AE24F6F11C1A6AA006C7F8C /* Frameworks */ = {
			isa = PBXFrameworksBuildPhase;
			buildActionMask = 2147483647;
			files = (
				9AE24F7611C1A6AA006C7F8C /* UIKit.framework in Frameworks */,
				9AE24F7811C1A6AA006C7F8C /* Foundation.framework in Frameworks */,
				9AE24F7A11C1A6AA006C7F8C /* CoreGraphics.framework in Frameworks */,
				9AE24F7C11C1A6AA006C7F8C /* CoreData.framework in Frameworks */,
			);
			runOnlyForDeploymentPostprocessing = 0;
		};
/* End PBXFrameworksBuildPhase section */

/* Begin PBXGroup section */
		7205310811C1ADB700435FA4 /* image */ = {
			isa = PBXGroup;
			children = (
				78BDDB3511C1BC7300FF833E /* plus.png */,
				78BDDB3611C1BC7300FF833E /* trash.png */,
				7205310911C1ADB700435FA4 /* gandolfos.png */,
				7205310A11C1ADB700435FA4 /* gurus.png */,
				7205310B11C1ADB700435FA4 /* reddeli.png */,
				7205310C11C1ADB700435FA4 /* thepitapit.png */,
			);
			path = image;
			sourceTree = "<group>";
		};
		7205310D11C1ADB700435FA4 /* menu */ = {
			isa = PBXGroup;
			children = (
				7205310E11C1ADB700435FA4 /* gandolfos.pdf */,
				7205310F11C1ADB700435FA4 /* gurus.pdf */,
				7205311011C1ADB700435FA4 /* reddeli.pdf */,
				7205311111C1ADB700435FA4 /* thepitapit.pdf */,
			);
			path = menu;
			sourceTree = "<group>";
		};
		9AB06C4D11C1B0F400DB9B18 /* Data Model Classes */ = {
			isa = PBXGroup;
			children = (
				78BDDB2511C1B48D00FF833E /* DataModel.h */,
				78BDDB2611C1B48D00FF833E /* DataModel.m */,
				9A69D86311C1B14D008F40FA /* Extra.h */,
				9A69D86411C1B14D008F40FA /* Extra.m */,
				9A69D86511C1B14D008F40FA /* Restaurant.h */,
				9A69D86611C1B14D008F40FA /* Restaurant.m */,
				9A69D86711C1B14D008F40FA /* MenuItem.h */,
				9A69D86811C1B14D008F40FA /* MenuItem.m */,
				9A69D86911C1B14D008F40FA /* MenuSection.h */,
				9A69D86A11C1B14D008F40FA /* MenuSection.m */,
			);
			name = "Data Model Classes";
			sourceTree = "<group>";
		};
		9AE24F6211C1A6AA006C7F8C = {
			isa = PBXGroup;
			children = (
				9AE24F6911C1A6AA006C7F8C /* Models */,
				9AE24F6A11C1A6AA006C7F8C /* Classes */,
				9AE24F6B11C1A6AA006C7F8C /* Other Sources */,
				9AE24F6C11C1A6AA006C7F8C /* Resources */,
				9AE24F6D11C1A6AA006C7F8C /* Frameworks */,
				9AE24F7311C1A6AA006C7F8C /* Products */,
			);
			sourceTree = "<group>";
		};
		9AE24F6911C1A6AA006C7F8C /* Models */ = {
			isa = PBXGroup;
			children = (
				9A69D84211C1A7A1008F40FA /* DoughnutRun.xcdatamodel */,
			);
			name = Models;
			sourceTree = "<group>";
		};
		9AE24F6A11C1A6AA006C7F8C /* Classes */ = {
			isa = PBXGroup;
			children = (
				78BDDB2E11C1B85A00FF833E /* ReceiptSummaryViewController.h */,
				78BDDB2F11C1B85A00FF833E /* ReceiptSummaryViewController.m */,
				9AE24F8411C1A6AA006C7F8C /* DoughnutRunAppDelegate.h */,
				9AE24F8511C1A6AA006C7F8C /* DoughnutRunAppDelegate.m */,
				9AB06C4D11C1B0F400DB9B18 /* Data Model Classes */,
			);
			path = Classes;
			sourceTree = "<group>";
		};
		9AE24F6B11C1A6AA006C7F8C /* Other Sources */ = {
			isa = PBXGroup;
			children = (
				9AE24F7E11C1A6AA006C7F8C /* DoughnutRun_Prefix.pch */,
				9AE24F8211C1A6AA006C7F8C /* main.m */,
			);
			name = "Other Sources";
			sourceTree = "<group>";
		};
		9AE24F6C11C1A6AA006C7F8C /* Resources */ = {
			isa = PBXGroup;
			children = (
				7205310811C1ADB700435FA4 /* image */,
				7205310D11C1ADB700435FA4 /* menu */,
				7205311211C1ADB700435FA4 /* restaurants.json */,
				9AE24F7D11C1A6AA006C7F8C /* DoughnutRun-Info.plist */,
				78BDDB3311C1B8DF00FF833E /* ReceiptSummaryViewController.xib */,
				9AE24F8911C1A6AB006C7F8C /* MainWindow.xib */,
				9AE24F7F11C1A6AA006C7F8C /* InfoPlist.strings */,
			);
			name = Resources;
			sourceTree = "<group>";
		};
		9AE24F6D11C1A6AA006C7F8C /* Frameworks */ = {
			isa = PBXGroup;
			children = (
				9AE24F7511C1A6AA006C7F8C /* UIKit.framework */,
				9AE24F7711C1A6AA006C7F8C /* Foundation.framework */,
				9AE24F7911C1A6AA006C7F8C /* CoreGraphics.framework */,
				9AE24F7B11C1A6AA006C7F8C /* CoreData.framework */,
			);
			name = Frameworks;
			sourceTree = "<group>";
		};
		9AE24F7311C1A6AA006C7F8C /* Products */ = {
			isa = PBXGroup;
			children = (
				9AE24F7211C1A6AA006C7F8C /* DoughnutRun.app */,
			);
			name = Products;
			sourceTree = "<group>";
		};
/* End PBXGroup section */

/* Begin PBXNativeTarget section */
		9AE24F7111C1A6AA006C7F8C /* DoughnutRun */ = {
			isa = PBXNativeTarget;
			buildConfigurationList = 9AE24F8E11C1A6AB006C7F8C /* Build configuration list for PBXNativeTarget "DoughnutRun" */;
			buildPhases = (
				9AE24F6E11C1A6AA006C7F8C /* Sources */,
				9AE24F6F11C1A6AA006C7F8C /* Frameworks */,
				9AE24F7011C1A6AA006C7F8C /* Resources */,
			);
			buildRules = (
			);
			dependencies = (
			);
			name = DoughnutRun;
			productName = DoughnutRun;
			productReference = 9AE24F7211C1A6AA006C7F8C /* DoughnutRun.app */;
			productType = "com.apple.product-type.application";
		};
/* End PBXNativeTarget section */

/* Begin PBXProject section */
		9AE24F6411C1A6AA006C7F8C /* Project object */ = {
			isa = PBXProject;
			buildConfigurationList = 9AE24F6711C1A6AA006C7F8C /* Build configuration list for PBXProject "DoughnutRun" */;
			compatibilityVersion = "Xcode 3.2";
			hasScannedForEncodings = 0;
			mainGroup = 9AE24F6211C1A6AA006C7F8C;
			productRefGroup = 9AE24F7311C1A6AA006C7F8C /* Products */;
			projectDirPath = "";
			projectRoot = "";
			targets = (
				9AE24F7111C1A6AA006C7F8C /* DoughnutRun */,
			);
		};
/* End PBXProject section */

/* Begin PBXResourcesBuildPhase section */
		9AE24F7011C1A6AA006C7F8C /* Resources */ = {
			isa = PBXResourcesBuildPhase;
			buildActionMask = 2147483647;
			files = (
				9AE24F8111C1A6AA006C7F8C /* InfoPlist.strings in Resources */,
				9AE24F8B11C1A6AB006C7F8C /* MainWindow.xib in Resources */,
				7205311311C1ADB700435FA4 /* gandolfos.png in Resources */,
				7205311411C1ADB700435FA4 /* gurus.png in Resources */,
				7205311511C1ADB700435FA4 /* reddeli.png in Resources */,
				7205311611C1ADB700435FA4 /* thepitapit.png in Resources */,
				7205311711C1ADB700435FA4 /* gandolfos.pdf in Resources */,
				7205311811C1ADB700435FA4 /* gurus.pdf in Resources */,
				7205311911C1ADB700435FA4 /* reddeli.pdf in Resources */,
				7205311A11C1ADB700435FA4 /* thepitapit.pdf in Resources */,
				7205311B11C1ADB700435FA4 /* restaurants.json in Resources */,
				78BDDB3411C1B8DF00FF833E /* ReceiptSummaryViewController.xib in Resources */,
				78BDDB3711C1BC7300FF833E /* plus.png in Resources */,
				78BDDB3811C1BC7300FF833E /* trash.png in Resources */,
			);
			runOnlyForDeploymentPostprocessing = 0;
		};
/* End PBXResourcesBuildPhase section */

/* Begin PBXSourcesBuildPhase section */
		9AE24F6E11C1A6AA006C7F8C /* Sources */ = {
			isa = PBXSourcesBuildPhase;
			buildActionMask = 2147483647;
			files = (
				9AE24F8311C1A6AA006C7F8C /* main.m in Sources */,
				9AE24F8611C1A6AA006C7F8C /* DoughnutRunAppDelegate.m in Sources */,
				9A69D84311C1A7A1008F40FA /* DoughnutRun.xcdatamodel in Sources */,
				9A69D86B11C1B14D008F40FA /* Extra.m in Sources */,
				9A69D86C11C1B14D008F40FA /* Restaurant.m in Sources */,
				9A69D86D11C1B14D008F40FA /* MenuItem.m in Sources */,
				9A69D86E11C1B14D008F40FA /* MenuSection.m in Sources */,
				78BDDB2711C1B48D00FF833E /* DataModel.m in Sources */,
				78BDDB3111C1B85A00FF833E /* ReceiptSummaryViewController.m in Sources */,
			);
			runOnlyForDeploymentPostprocessing = 0;
		};
/* End PBXSourcesBuildPhase section */

/* Begin PBXVariantGroup section */
		9AE24F7F11C1A6AA006C7F8C /* InfoPlist.strings */ = {
			isa = PBXVariantGroup;
			children = (
				9AE24F8011C1A6AA006C7F8C /* en */,
			);
			name = InfoPlist.strings;
			sourceTree = "<group>";
		};
		9AE24F8911C1A6AB006C7F8C /* MainWindow.xib */ = {
			isa = PBXVariantGroup;
			children = (
				9AE24F8A11C1A6AB006C7F8C /* en */,
			);
			name = MainWindow.xib;
			sourceTree = "<group>";
		};
/* End PBXVariantGroup section */

/* Begin XCBuildConfiguration section */
		9AE24F8C11C1A6AB006C7F8C /* Debug */ = {
			isa = XCBuildConfiguration;
			buildSettings = {
				ARCHS = "$(ARCHS_UNIVERSAL_IPHONE_OS)";
				"CODE_SIGN_IDENTITY[sdk=iphoneos*]" = "iPhone Developer";
				GCC_C_LANGUAGE_STANDARD = gnu99;
				GCC_OPTIMIZATION_LEVEL = 0;
				GCC_PREPROCESSOR_DEFINITIONS = DEBUG;
				GCC_WARN_ABOUT_RETURN_TYPE = YES;
				GCC_WARN_UNUSED_VARIABLE = YES;
				PREBINDING = NO;
				SDKROOT = iphoneos3.2;
				TARGETED_DEVICE_FAMILY = 2;
			};
			name = Debug;
		};
		9AE24F8D11C1A6AB006C7F8C /* Release */ = {
			isa = XCBuildConfiguration;
			buildSettings = {
				ARCHS = "$(ARCHS_UNIVERSAL_IPHONE_OS)";
				"CODE_SIGN_IDENTITY[sdk=iphoneos*]" = "iPhone Developer";
				GCC_C_LANGUAGE_STANDARD = gnu99;
				GCC_WARN_ABOUT_RETURN_TYPE = YES;
				GCC_WARN_UNUSED_VARIABLE = YES;
				OTHER_CFLAGS = "-DNS_BLOCK_ASSERTIONS=1";
				PREBINDING = NO;
				SDKROOT = iphoneos3.2;
				TARGETED_DEVICE_FAMILY = 2;
			};
			name = Release;
		};
		9AE24F8F11C1A6AB006C7F8C /* Debug */ = {
			isa = XCBuildConfiguration;
			buildSettings = {
				ALWAYS_SEARCH_USER_PATHS = NO;
				COPY_PHASE_STRIP = NO;
				GCC_DYNAMIC_NO_PIC = NO;
				GCC_PRECOMPILE_PREFIX_HEADER = YES;
				GCC_PREFIX_HEADER = DoughnutRun_Prefix.pch;
				INFOPLIST_FILE = "DoughnutRun-Info.plist";
				PRODUCT_NAME = DoughnutRun;
				WRAPPER_EXTENSION = app;
			};
			name = Debug;
		};
		9AE24F9011C1A6AB006C7F8C /* Release */ = {
			isa = XCBuildConfiguration;
			buildSettings = {
				ALWAYS_SEARCH_USER_PATHS = NO;
				COPY_PHASE_STRIP = YES;
				GCC_PRECOMPILE_PREFIX_HEADER = YES;
				GCC_PREFIX_HEADER = DoughnutRun_Prefix.pch;
				INFOPLIST_FILE = "DoughnutRun-Info.plist";
				PRODUCT_NAME = DoughnutRun;
				VALIDATE_PRODUCT = YES;
				WRAPPER_EXTENSION = app;
			};
			name = Release;
		};
/* End XCBuildConfiguration section */

/* Begin XCConfigurationList section */
		9AE24F6711C1A6AA006C7F8C /* Build configuration list for PBXProject "DoughnutRun" */ = {
			isa = XCConfigurationList;
			buildConfigurations = (
				9AE24F8C11C1A6AB006C7F8C /* Debug */,
				9AE24F8D11C1A6AB006C7F8C /* Release */,
			);
			defaultConfigurationIsVisible = 0;
			defaultConfigurationName = Release;
		};
		9AE24F8E11C1A6AB006C7F8C /* Build configuration list for PBXNativeTarget "DoughnutRun" */ = {
			isa = XCConfigurationList;
			buildConfigurations = (
				9AE24F8F11C1A6AB006C7F8C /* Debug */,
				9AE24F9011C1A6AB006C7F8C /* Release */,
			);
			defaultConfigurationIsVisible = 0;
			defaultConfigurationName = Release;
		};
/* End XCConfigurationList section */
	};
	rootObject = 9AE24F6411C1A6AA006C7F8C /* Project object */;
}
